
Microsoft Visual Studio Solution File, Format Version 12.00
# Visual Studio Version 17
VisualStudioVersion = 17.13.35806.99
MinimumVisualStudioVersion = 10.0.40219.1
Project("{8BC9CEB8-8B4A-11D0-8D11-00A0C91BC942}") = "Arbitro", "Arbitro\Arbitro.vcxproj", "{9ED309DB-2C37-4092-9A97-7A1B269DC44F}"
EndProject
Project("{8BC9CEB8-8B4A-11D0-8D11-00A0C91BC942}") = "JogoUI", "JogoUI\JogoUI.vcxproj", "{E9EC63CF-87DA-4A21-80CE-9080F61950A4}"
EndProject
Project("{8BC9CEB8-8B4A-11D0-8D11-00A0C91BC942}") = "bot", "bot\bot.vcxproj", "{C29946B8-76CD-4239-BAB8-2C3448FBB7B2}"
EndProject
Project("{8BC9CEB8-8B4A-11D0-8D11-00A0C91BC942}") = "painel", "painel\painel.vcxproj", "{E93C57E9-1316-4A31-A241-16062868DB56}"
EndProject
Global
	GlobalSection(SolutionConfigurationPlatforms) = preSolution
		Debug|x64 = Debug|x64
		Debug|x86 = Debug|x86
		Release|x64 = Release|x64
		Release|x86 = Release|x86
	EndGlobalSection
	GlobalSection(ProjectConfigurationPlatforms) = postSolution
		{9ED309DB-2C37-4092-9A97-7A1B269DC44F}.Debug|x64.ActiveCfg = Debug|x64
		{9ED309DB-2C37-4092-9A97-7A1B269DC44F}.Debug|x64.Build.0 = Debug|x64
		{9ED309DB-2C37-4092-9A97-7A1B269DC44F}.Debug|x86.ActiveCfg = Debug|Win32
		{9ED309DB-2C37-4092-9A97-7A1B269DC44F}.Debug|x86.Build.0 = Debug|Win32
		{9ED309DB-2C37-4092-9A97-7A1B269DC44F}.Release|x64.ActiveCfg = Release|x64
		{9ED309DB-2C37-4092-9A97-7A1B269DC44F}.Release|x64.Build.0 = Release|x64
		{9ED309DB-2C37-4092-9A97-7A1B269DC44F}.Release|x86.ActiveCfg = Release|Win32
		{9ED309DB-2C37-4092-9A97-7A1B269DC44F}.Release|x86.Build.0 = Release|Win32
		{E9EC63CF-87DA-4A21-80CE-9080F61950A4}.Debug|x64.ActiveCfg = Debug|x64
		{E9EC63CF-87DA-4A21-80CE-9080F61950A4}.Debug|x64.Build.0 = Debug|x64
		{E9EC63CF-87DA-4A21-80CE-9080F61950A4}.Debug|x86.ActiveCfg = Debug|Win32
		{E9EC63CF-87DA-4A21-80CE-9080F61950A4}.Debug|x86.Build.0 = Debug|Win32
		{E9EC63CF-87DA-4A21-80CE-9080F61950A4}.Release|x64.ActiveCfg = Release|x64
		{E9EC63CF-87DA-4A21-80CE-9080F61950A4}.Release|x64.Build.0 = Release|x64
		{E9EC63CF-87DA-4A21-80CE-9080F61950A4}.Release|x86.ActiveCfg = Release|Win32
		{E9EC63CF-87DA-4A21-80CE-9080F61950A4}.Release|x86.Build.0 = Release|Win32
		{C29946B8-76CD-4239-BAB8-2C3448FBB7B2}.Debug|x64.ActiveCfg = Debug|x64
		{C29946B8-76CD-4239-BAB8-2C3448FBB7B2}.Debug|x64.Build.0 = Debug|x64
		{C29946B8-76CD-4239-BAB8-2C3448FBB7B2}.Debug|x86.ActiveCfg = Debug|Win32
		{C29946B8-76CD-4239-BAB8-2C3448FBB7B2}.Debug|x86.Build.0 = Debug|Win32
		{C29946B8-76CD-4239-BAB8-2C3448FBB7B2}.Release|x64.ActiveCfg = Release|x64
		{C29946B8-76CD-4239-BAB8-2C3448FBB7B2}.Release|x64.Build.0 = Release|x64
		{C29946B8-76CD-4239-BAB8-2C3448FBB7B2}.Release|x86.ActiveCfg = Release|Win32
		{C29946B8-76CD-4239-BAB8-2C3448FBB7B2}.Release|x86.Build.0 = Release|Win32
		{E93C57E9-1316-4A31-A241-16062868DB56}.Debug|x64.ActiveCfg = Debug|x64
		{E93C57E9-1316-4A31-A241-16062868DB56}.Debug|x64.Build.0 = Debug|x64
		{E93C57E9-1316-4A31-A241-16062868DB56}.Debug|x86.ActiveCfg = Debug|Win32
		{E93C57E9-1316-4A31-A241-16062868DB56}.Debug|x86.Build.0 = Debug|Win32
		{E93C57E9-1316-4A31-A241-16062868DB56}.Release|x64.ActiveCfg = Release|x64
		{E93C57E9-1316-4A31-A241-16062868DB56}.Release|x64.Build.0 = Release|x64
		{E93C57E9-1316-4A31-A241-16062868DB56}.Release|x86.ActiveCfg = Release|Win32
		{E93C57E9-1316-4A31-A241-16062868DB56}.Release|x86.Build.0 = Release|Win32
	EndGlobalSection
	GlobalSection(SolutionProperties) = preSolution
		HideSolutionNode = FALSE
	EndGlobalSection
	GlobalSection(ExtensibilityGlobals) = postSolution
		SolutionGuid = {1EC5C90A-EE47-4C59-8B55-86FD9609254F}
	EndGlobalSection
EndGlobal
